
Microsoft Visual Studio Solution File, Format Version 12.00
# Visual Studio Version 16
VisualStudioVersion = 16.0.29306.81
MinimumVisualStudioVersion = 10.0.40219.1
Project("{FAE04EC0-301F-11D3-BF4B-00C04F79EFBC}") = "Gabriel.App", "src\Gabriel.App\Gabriel.App.csproj", "{97153B23-6F4A-4225-BCA7-3D9829BF073E}"
EndProject
Project("{FAE04EC0-301F-11D3-BF4B-00C04F79EFBC}") = "Gabriel.Business", "src\Gabriel.Business\Gabriel.Business.csproj", "{DDF41C60-85D0-4649-B893-3EFACFC3043F}"
EndProject
Project("{FAE04EC0-301F-11D3-BF4B-00C04F79EFBC}") = "Gabriel.Data", "src\Gabriel.Data\Gabriel.Data.csproj", "{B76FB5C8-3947-4CA0-A25F-F8837EEBF14E}"
EndProject
Global
	GlobalSection(SolutionConfigurationPlatforms) = preSolution
		Debug|Any CPU = Debug|Any CPU
		Release|Any CPU = Release|Any CPU
	EndGlobalSection
	GlobalSection(ProjectConfigurationPlatforms) = postSolution
		{97153B23-6F4A-4225-BCA7-3D9829BF073E}.Debug|Any CPU.ActiveCfg = Debug|Any CPU
		{97153B23-6F4A-4225-BCA7-3D9829BF073E}.Debug|Any CPU.Build.0 = Debug|Any CPU
		{97153B23-6F4A-4225-BCA7-3D9829BF073E}.Release|Any CPU.ActiveCfg = Release|Any CPU
		{97153B23-6F4A-4225-BCA7-3D9829BF073E}.Release|Any CPU.Build.0 = Release|Any CPU
		{DDF41C60-85D0-4649-B893-3EFACFC3043F}.Debug|Any CPU.ActiveCfg = Debug|Any CPU
		{DDF41C60-85D0-4649-B893-3EFACFC3043F}.Debug|Any CPU.Build.0 = Debug|Any CPU
		{DDF41C60-85D0-4649-B893-3EFACFC3043F}.Release|Any CPU.ActiveCfg = Release|Any CPU
		{DDF41C60-85D0-4649-B893-3EFACFC3043F}.Release|Any CPU.Build.0 = Release|Any CPU
		{B76FB5C8-3947-4CA0-A25F-F8837EEBF14E}.Debug|Any CPU.ActiveCfg = Debug|Any CPU
		{B76FB5C8-3947-4CA0-A25F-F8837EEBF14E}.Debug|Any CPU.Build.0 = Debug|Any CPU
		{B76FB5C8-3947-4CA0-A25F-F8837EEBF14E}.Release|Any CPU.ActiveCfg = Release|Any CPU
		{B76FB5C8-3947-4CA0-A25F-F8837EEBF14E}.Release|Any CPU.Build.0 = Release|Any CPU
	EndGlobalSection
	GlobalSection(SolutionProperties) = preSolution
		HideSolutionNode = FALSE
	EndGlobalSection
	GlobalSection(ExtensibilityGlobals) = postSolution
		SolutionGuid = {FF8B7199-BCE5-4FD3-8AD9-82F461CB5546}
	EndGlobalSection
EndGlobal
